{
  "name": "charmingsong-cli",
  "version": "1.1.1",
  "lockfileVersion": 1,
  "requires": true,
  "dependencies": {
    "@types/fs-extra": {
      "version": "8.0.0",
      "resolved": "https://registry.npm.taobao.org/@types/fs-extra/download/@types/fs-extra-8.0.0.tgz",
      "integrity": "sha1-0+LDE8op+VBZ8ZjdYNH3dGQtSyU=",
      "dev": true,
      "requires": {
        "@types/node": "*"
      }
    },
    "@types/inquirer": {
      "version": "6.5.0",
      "resolved": "https://registry.npm.taobao.org/@types/inquirer/download/@types/inquirer-6.5.0.tgz",
      "integrity": "sha1-uDsL8wuIuL5yRtQOUdMv6dEOCb4=",
      "dev": true,
      "requires": {
        "@types/through": "*",
        "rxjs": "^6.4.0"
      }
    },
    "@types/node": {
      "version": "12.7.2",
      "resolved": "https://registry.npm.taobao.org/@types/node/download/@types/node-12.7.2.tgz",
      "integrity": "sha1-xOY69eiCPOnMPws097mYwhcfDEQ=",
      "dev": true
    },
    "@types/through": {
      "version": "0.0.29",
      "resolved": "https://registry.npm.taobao.org/@types/through/download/@types/through-0.0.29.tgz",
      "integrity": "sha1-cpQ6rJIuF5M5xlH6NKRCik1yL5M=",
      "dev": true,
      "requires": {
        "@types/node": "*"
      }
    },
    "commander": {
      "version": "3.0.0",
      "resolved": "https://registry.npm.taobao.org/commander/download/commander-3.0.0.tgz?cache=0&sync_timestamp=1565398176321&other_urls=https%3A%2F%2Fregistry.npm.taobao.org%2Fcommander%2Fdownload%2Fcommander-3.0.0.tgz",
      "integrity": "sha1-BkHqAIOMepZGJ/BM3cM2ot7d1go=",
      "dev": true
    },
    "rxjs": {
      "version": "6.5.2",
      "resolved": "https://registry.npm.taobao.org/rxjs/download/rxjs-6.5.2.tgz",
      "integrity": "sha1-LjXOgVzUbYTQKiCftOWSHgUdvsc=",
      "dev": true,
      "requires": {
        "tslib": "^1.9.0"
      }
    },
    "tslib": {
      "version": "1.10.0",
      "resolved": "https://registry.npm.taobao.org/tslib/download/tslib-1.10.0.tgz",
      "integrity": "sha1-w8GflZc/sKYpc/sJ2Q2WHuQ+XIo=",
      "dev": true
    },
    "typescript": {
      "version": "3.5.3",
      "resolved": "https://registry.npm.taobao.org/typescript/download/typescript-3.5.3.tgz",
      "integrity": "sha1-yDD2V/k/HqhGgZ6SkJL1/lmD6Xc=",
      "dev": true
    }
  }
}
